// !$*UTF8*$!
{
	archiveVersion = 1;
	classes = {
	};
	objectVersion = 52;
	objects = {

/* Begin PBXBuildFile section */
		F3454237258EEDC6001A203A /* Reducer.swift in Sources */ = {isa = PBXBuildFile; fileRef = F3454236258EEDC6001A203A /* Reducer.swift */; };
		F3454238258EEDC6001A203A /* Reducer.swift in Sources */ = {isa = PBXBuildFile; fileRef = F3454236258EEDC6001A203A /* Reducer.swift */; };
		F3E41C2224F0A7BD00C30752 /* Assets.xcassets in Resources */ = {isa = PBXBuildFile; fileRef = F3E41C0D24F0A7BC00C30752 /* Assets.xcassets */; };
		F3E41C2324F0A7BD00C30752 /* Assets.xcassets in Resources */ = {isa = PBXBuildFile; fileRef = F3E41C0D24F0A7BC00C30752 /* Assets.xcassets */; };
		F3E41CCC24F0A9C900C30752 /* Galaxy.swift in Sources */ = {isa = PBXBuildFile; fileRef = F3E41CB224F0A9C800C30752 /* Galaxy.swift */; };
		F3E41CCD24F0A9C900C30752 /* Galaxy.swift in Sources */ = {isa = PBXBuildFile; fileRef = F3E41CB224F0A9C800C30752 /* Galaxy.swift */; };
		F3E41CCE24F0A9C900C30752 /* AppState.swift in Sources */ = {isa = PBXBuildFile; fileRef = F3E41CB424F0A9C800C30752 /* AppState.swift */; };
		F3E41CCF24F0A9C900C30752 /* AppState.swift in Sources */ = {isa = PBXBuildFile; fileRef = F3E41CB424F0A9C800C30752 /* AppState.swift */; };
		F3E41CD024F0A9C900C30752 /* GalaxiesState.swift in Sources */ = {isa = PBXBuildFile; fileRef = F3E41CB624F0A9C800C30752 /* GalaxiesState.swift */; };
		F3E41CD124F0A9C900C30752 /* GalaxiesState.swift in Sources */ = {isa = PBXBuildFile; fileRef = F3E41CB624F0A9C800C30752 /* GalaxiesState.swift */; };
		F3E41CD224F0A9C900C30752 /* GalaxiesState+Middleware.swift in Sources */ = {isa = PBXBuildFile; fileRef = F3E41CB724F0A9C800C30752 /* GalaxiesState+Middleware.swift */; };
		F3E41CD324F0A9C900C30752 /* GalaxiesState+Middleware.swift in Sources */ = {isa = PBXBuildFile; fileRef = F3E41CB724F0A9C800C30752 /* GalaxiesState+Middleware.swift */; };
		F3E41CD424F0A9C900C30752 /* GalaxiesState+MiddlewareError.swift in Sources */ = {isa = PBXBuildFile; fileRef = F3E41CB824F0A9C800C30752 /* GalaxiesState+MiddlewareError.swift */; };
		F3E41CD524F0A9C900C30752 /* GalaxiesState+MiddlewareError.swift in Sources */ = {isa = PBXBuildFile; fileRef = F3E41CB824F0A9C800C30752 /* GalaxiesState+MiddlewareError.swift */; };
		F3E41CD624F0A9C900C30752 /* LoggingMiddleware.swift in Sources */ = {isa = PBXBuildFile; fileRef = F3E41CB924F0A9C800C30752 /* LoggingMiddleware.swift */; };
		F3E41CD724F0A9C900C30752 /* LoggingMiddleware.swift in Sources */ = {isa = PBXBuildFile; fileRef = F3E41CB924F0A9C800C30752 /* LoggingMiddleware.swift */; };
		F3E41CD824F0A9C900C30752 /* RootView.swift in Sources */ = {isa = PBXBuildFile; fileRef = F3E41CBB24F0A9C900C30752 /* RootView.swift */; };
		F3E41CD924F0A9C900C30752 /* RootView.swift in Sources */ = {isa = PBXBuildFile; fileRef = F3E41CBB24F0A9C900C30752 /* RootView.swift */; };
		F3E41CE024F0A9C900C30752 /* SynchronousActionExample.swift in Sources */ = {isa = PBXBuildFile; fileRef = F3E41CC124F0A9C900C30752 /* SynchronousActionExample.swift */; };
		F3E41CE124F0A9C900C30752 /* SynchronousActionExample.swift in Sources */ = {isa = PBXBuildFile; fileRef = F3E41CC124F0A9C900C30752 /* SynchronousActionExample.swift */; };
		F3E41CE424F0A9C900C30752 /* AsyncSideEffectExample.swift in Sources */ = {isa = PBXBuildFile; fileRef = F3E41CC324F0A9C900C30752 /* AsyncSideEffectExample.swift */; };
		F3E41CE524F0A9C900C30752 /* AsyncSideEffectExample.swift in Sources */ = {isa = PBXBuildFile; fileRef = F3E41CC324F0A9C900C30752 /* AsyncSideEffectExample.swift */; };
		F3E41CE624F0A9C900C30752 /* AppStore.swift in Sources */ = {isa = PBXBuildFile; fileRef = F3E41CC524F0A9C900C30752 /* AppStore.swift */; };
		F3E41CE724F0A9C900C30752 /* AppStore.swift in Sources */ = {isa = PBXBuildFile; fileRef = F3E41CC524F0A9C900C30752 /* AppStore.swift */; };
		F3E41CE824F0A9C900C30752 /* ExamplesApp.swift in Sources */ = {isa = PBXBuildFile; fileRef = F3E41CC624F0A9C900C30752 /* ExamplesApp.swift */; };
		F3E41CE924F0A9C900C30752 /* ExamplesApp.swift in Sources */ = {isa = PBXBuildFile; fileRef = F3E41CC624F0A9C900C30752 /* ExamplesApp.swift */; };
		F3E41CEA24F0A9C900C30752 /* PreviewData.swift in Sources */ = {isa = PBXBuildFile; fileRef = F3E41CC824F0A9C900C30752 /* PreviewData.swift */; };
		F3E41CEB24F0A9C900C30752 /* PreviewData.swift in Sources */ = {isa = PBXBuildFile; fileRef = F3E41CC824F0A9C900C30752 /* PreviewData.swift */; };
		F3E41CEC24F0A9C900C30752 /* GalaxyServiceError.swift in Sources */ = {isa = PBXBuildFile; fileRef = F3E41CCA24F0A9C900C30752 /* GalaxyServiceError.swift */; };
		F3E41CED24F0A9C900C30752 /* GalaxyServiceError.swift in Sources */ = {isa = PBXBuildFile; fileRef = F3E41CCA24F0A9C900C30752 /* GalaxyServiceError.swift */; };
		F3E41CEE24F0A9C900C30752 /* GalaxyService.swift in Sources */ = {isa = PBXBuildFile; fileRef = F3E41CCB24F0A9C900C30752 /* GalaxyService.swift */; };
		F3E41CEF24F0A9C900C30752 /* GalaxyService.swift in Sources */ = {isa = PBXBuildFile; fileRef = F3E41CCB24F0A9C900C30752 /* GalaxyService.swift */; };
		F3E41CF424F0A9FA00C30752 /* CypherPoetReduxUtils in Frameworks */ = {isa = PBXBuildFile; productRef = F3E41CF324F0A9FA00C30752 /* CypherPoetReduxUtils */; };
		F3E41CF624F0AA0000C30752 /* CypherPoetReduxUtils in Frameworks */ = {isa = PBXBuildFile; productRef = F3E41CF524F0AA0000C30752 /* CypherPoetReduxUtils */; };
/* End PBXBuildFile section */

/* Begin PBXFileReference section */
		F3454236258EEDC6001A203A /* Reducer.swift */ = {isa = PBXFileReference; lastKnownFileType = sourcecode.swift; path = Reducer.swift; sourceTree = "<group>"; };
		F3E41C0D24F0A7BC00C30752 /* Assets.xcassets */ = {isa = PBXFileReference; lastKnownFileType = folder.assetcatalog; path = Assets.xcassets; sourceTree = "<group>"; };
		F3E41C1224F0A7BC00C30752 /* ExampleApp.app */ = {isa = PBXFileReference; explicitFileType = wrapper.application; includeInIndex = 0; path = ExampleApp.app; sourceTree = BUILT_PRODUCTS_DIR; };
		F3E41C1524F0A7BC00C30752 /* Info.plist */ = {isa = PBXFileReference; lastKnownFileType = text.plist.xml; path = Info.plist; sourceTree = "<group>"; };
		F3E41C1A24F0A7BC00C30752 /* ExampleApp.app */ = {isa = PBXFileReference; explicitFileType = wrapper.application; includeInIndex = 0; path = ExampleApp.app; sourceTree = BUILT_PRODUCTS_DIR; };
		F3E41C1C24F0A7BC00C30752 /* Info.plist */ = {isa = PBXFileReference; lastKnownFileType = text.plist.xml; path = Info.plist; sourceTree = "<group>"; };
		F3E41C1D24F0A7BC00C30752 /* macOS.entitlements */ = {isa = PBXFileReference; lastKnownFileType = text.plist.entitlements; path = macOS.entitlements; sourceTree = "<group>"; };
		F3E41C2C24F0A81F00C30752 /* CypherPoetReduxUtils */ = {isa = PBXFileReference; lastKnownFileType = folder; name = CypherPoetReduxUtils; path = ../..; sourceTree = "<group>"; };
		F3E41CB224F0A9C800C30752 /* Galaxy.swift */ = {isa = PBXFileReference; fileEncoding = 4; lastKnownFileType = sourcecode.swift; path = Galaxy.swift; sourceTree = "<group>"; };
		F3E41CB424F0A9C800C30752 /* AppState.swift */ = {isa = PBXFileReference; fileEncoding = 4; lastKnownFileType = sourcecode.swift; path = AppState.swift; sourceTree = "<group>"; };
		F3E41CB624F0A9C800C30752 /* GalaxiesState.swift */ = {isa = PBXFileReference; fileEncoding = 4; lastKnownFileType = sourcecode.swift; path = GalaxiesState.swift; sourceTree = "<group>"; };
		F3E41CB724F0A9C800C30752 /* GalaxiesState+Middleware.swift */ = {isa = PBXFileReference; fileEncoding = 4; lastKnownFileType = sourcecode.swift; path = "GalaxiesState+Middleware.swift"; sourceTree = "<group>"; };
		F3E41CB824F0A9C800C30752 /* GalaxiesState+MiddlewareError.swift */ = {isa = PBXFileReference; fileEncoding = 4; lastKnownFileType = sourcecode.swift; path = "GalaxiesState+MiddlewareError.swift"; sourceTree = "<group>"; };
		F3E41CB924F0A9C800C30752 /* LoggingMiddleware.swift */ = {isa = PBXFileReference; fileEncoding = 4; lastKnownFileType = sourcecode.swift; path = LoggingMiddleware.swift; sourceTree = "<group>"; };
		F3E41CBB24F0A9C900C30752 /* RootView.swift */ = {isa = PBXFileReference; fileEncoding = 4; lastKnownFileType = sourcecode.swift; path = RootView.swift; sourceTree = "<group>"; };
		F3E41CC124F0A9C900C30752 /* SynchronousActionExample.swift */ = {isa = PBXFileReference; fileEncoding = 4; lastKnownFileType = sourcecode.swift; path = SynchronousActionExample.swift; sourceTree = "<group>"; };
		F3E41CC324F0A9C900C30752 /* AsyncSideEffectExample.swift */ = {isa = PBXFileReference; fileEncoding = 4; lastKnownFileType = sourcecode.swift; path = AsyncSideEffectExample.swift; sourceTree = "<group>"; };
		F3E41CC524F0A9C900C30752 /* AppStore.swift */ = {isa = PBXFileReference; fileEncoding = 4; lastKnownFileType = sourcecode.swift; path = AppStore.swift; sourceTree = "<group>"; };
		F3E41CC624F0A9C900C30752 /* ExamplesApp.swift */ = {isa = PBXFileReference; fileEncoding = 4; lastKnownFileType = sourcecode.swift; path = ExamplesApp.swift; sourceTree = "<group>"; };
		F3E41CC824F0A9C900C30752 /* PreviewData.swift */ = {isa = PBXFileReference; fileEncoding = 4; lastKnownFileType = sourcecode.swift; path = PreviewData.swift; sourceTree = "<group>"; };
		F3E41CCA24F0A9C900C30752 /* GalaxyServiceError.swift */ = {isa = PBXFileReference; fileEncoding = 4; lastKnownFileType = sourcecode.swift; path = GalaxyServiceError.swift; sourceTree = "<group>"; };
		F3E41CCB24F0A9C900C30752 /* GalaxyService.swift */ = {isa = PBXFileReference; fileEncoding = 4; lastKnownFileType = sourcecode.swift; path = GalaxyService.swift; sourceTree = "<group>"; };
/* End PBXFileReference section */

/* Begin PBXFrameworksBuildPhase section */
		F3E41C0F24F0A7BC00C30752 /* Frameworks */ = {
			isa = PBXFrameworksBuildPhase;
			buildActionMask = 2147483647;
			files = (
				F3E41CF424F0A9FA00C30752 /* CypherPoetReduxUtils in Frameworks */,
			);
			runOnlyForDeploymentPostprocessing = 0;
		};
		F3E41C1724F0A7BC00C30752 /* Frameworks */ = {
			isa = PBXFrameworksBuildPhase;
			buildActionMask = 2147483647;
			files = (
				F3E41CF624F0AA0000C30752 /* CypherPoetReduxUtils in Frameworks */,
			);
			runOnlyForDeploymentPostprocessing = 0;
		};
/* End PBXFrameworksBuildPhase section */

/* Begin PBXGroup section */
		F3454226258EE7F3001A203A /* Store */ = {
			isa = PBXGroup;
			children = (
				F3E41CC524F0A9C900C30752 /* AppStore.swift */,
				F3454236258EEDC6001A203A /* Reducer.swift */,
				F3454227258EE806001A203A /* Middleware */,
				F3E41CB324F0A9C800C30752 /* State */,
			);
			path = Store;
			sourceTree = "<group>";
		};
		F3454227258EE806001A203A /* Middleware */ = {
			isa = PBXGroup;
			children = (
				F3454228258EE831001A203A /* App */,
				F3454229258EE835001A203A /* Galaxies */,
			);
			path = Middleware;
			sourceTree = "<group>";
		};
		F3454228258EE831001A203A /* App */ = {
			isa = PBXGroup;
			children = (
				F3E41CB924F0A9C800C30752 /* LoggingMiddleware.swift */,
			);
			path = App;
			sourceTree = "<group>";
		};
		F3454229258EE835001A203A /* Galaxies */ = {
			isa = PBXGroup;
			children = (
				F3E41CB724F0A9C800C30752 /* GalaxiesState+Middleware.swift */,
				F3E41CB824F0A9C800C30752 /* GalaxiesState+MiddlewareError.swift */,
			);
			path = Galaxies;
			sourceTree = "<group>";
		};
		F3E41C0524F0A7BB00C30752 = {
			isa = PBXGroup;
			children = (
				F3E41C2C24F0A81F00C30752 /* CypherPoetReduxUtils */,
				F3E41C0A24F0A7BB00C30752 /* Shared */,
				F3E41C1424F0A7BC00C30752 /* iOS */,
				F3E41C1B24F0A7BC00C30752 /* macOS */,
				F3E41C1324F0A7BC00C30752 /* Products */,
				F3E41CF224F0A9FA00C30752 /* Frameworks */,
			);
			sourceTree = "<group>";
		};
		F3E41C0A24F0A7BB00C30752 /* Shared */ = {
			isa = PBXGroup;
			children = (
				F3E41CC624F0A9C900C30752 /* ExamplesApp.swift */,
				F3E41CC424F0A9C900C30752 /* App */,
				F3E41CB024F0A9C800C30752 /* Data */,
				F3E41CC724F0A9C900C30752 /* Preview Content */,
				F3E41C2D24F0A84D00C30752 /* Resources */,
				F3E41CBA24F0A9C900C30752 /* Scene Views */,
				F3E41CC924F0A9C900C30752 /* Services */,
				F3454226258EE7F3001A203A /* Store */,
			);
			path = Shared;
			sourceTree = "<group>";
		};
		F3E41C1324F0A7BC00C30752 /* Products */ = {
			isa = PBXGroup;
			children = (
				F3E41C1224F0A7BC00C30752 /* ExampleApp.app */,
				F3E41C1A24F0A7BC00C30752 /* ExampleApp.app */,
			);
			name = Products;
			sourceTree = "<group>";
		};
		F3E41C1424F0A7BC00C30752 /* iOS */ = {
			isa = PBXGroup;
			children = (
				F3E41C1524F0A7BC00C30752 /* Info.plist */,
			);
			path = iOS;
			sourceTree = "<group>";
		};
		F3E41C1B24F0A7BC00C30752 /* macOS */ = {
			isa = PBXGroup;
			children = (
				F3E41C1C24F0A7BC00C30752 /* Info.plist */,
				F3E41C1D24F0A7BC00C30752 /* macOS.entitlements */,
			);
			path = macOS;
			sourceTree = "<group>";
		};
		F3E41C2D24F0A84D00C30752 /* Resources */ = {
			isa = PBXGroup;
			children = (
				F3E41C0D24F0A7BC00C30752 /* Assets.xcassets */,
			);
			path = Resources;
			sourceTree = "<group>";
		};
		F3E41CB024F0A9C800C30752 /* Data */ = {
			isa = PBXGroup;
			children = (
				F3E41CB124F0A9C800C30752 /* Models */,
			);
			path = Data;
			sourceTree = "<group>";
		};
		F3E41CB124F0A9C800C30752 /* Models */ = {
			isa = PBXGroup;
			children = (
				F3E41CB224F0A9C800C30752 /* Galaxy.swift */,
			);
			path = Models;
			sourceTree = "<group>";
		};
		F3E41CB324F0A9C800C30752 /* State */ = {
			isa = PBXGroup;
			children = (
				F3E41CB424F0A9C800C30752 /* AppState.swift */,
				F3E41CB524F0A9C800C30752 /* Galaxies */,
			);
			path = State;
			sourceTree = "<group>";
		};
		F3E41CB524F0A9C800C30752 /* Galaxies */ = {
			isa = PBXGroup;
			children = (
				F3E41CB624F0A9C800C30752 /* GalaxiesState.swift */,
			);
			path = Galaxies;
			sourceTree = "<group>";
		};
		F3E41CBA24F0A9C900C30752 /* Scene Views */ = {
			isa = PBXGroup;
			children = (
				F3E41CC324F0A9C900C30752 /* AsyncSideEffectExample.swift */,
				F3E41CBB24F0A9C900C30752 /* RootView.swift */,
				F3E41CC124F0A9C900C30752 /* SynchronousActionExample.swift */,
			);
			path = "Scene Views";
			sourceTree = "<group>";
		};
		F3E41CC424F0A9C900C30752 /* App */ = {
			isa = PBXGroup;
			children = (
			);
			path = App;
			sourceTree = "<group>";
		};
		F3E41CC724F0A9C900C30752 /* Preview Content */ = {
			isa = PBXGroup;
			children = (
				F3E41CC824F0A9C900C30752 /* PreviewData.swift */,
			);
			path = "Preview Content";
			sourceTree = "<group>";
		};
		F3E41CC924F0A9C900C30752 /* Services */ = {
			isa = PBXGroup;
			children = (
				F3E41CCB24F0A9C900C30752 /* GalaxyService.swift */,
				F3E41CCA24F0A9C900C30752 /* GalaxyServiceError.swift */,
			);
			path = Services;
			sourceTree = "<group>";
		};
		F3E41CF224F0A9FA00C30752 /* Frameworks */ = {
			isa = PBXGroup;
			children = (
			);
			name = Frameworks;
			sourceTree = "<group>";
		};
/* End PBXGroup section */

/* Begin PBXNativeTarget section */
		F3E41C1124F0A7BC00C30752 /* ExampleApp (iOS) */ = {
			isa = PBXNativeTarget;
			buildConfigurationList = F3E41C2624F0A7BD00C30752 /* Build configuration list for PBXNativeTarget "ExampleApp (iOS)" */;
			buildPhases = (
				F3E41C0E24F0A7BC00C30752 /* Sources */,
				F3E41C0F24F0A7BC00C30752 /* Frameworks */,
				F3E41C1024F0A7BC00C30752 /* Resources */,
			);
			buildRules = (
			);
			dependencies = (
			);
			name = "ExampleApp (iOS)";
			packageProductDependencies = (
				F3E41CF324F0A9FA00C30752 /* CypherPoetReduxUtils */,
			);
			productName = "ExampleApp (iOS)";
			productReference = F3E41C1224F0A7BC00C30752 /* ExampleApp.app */;
			productType = "com.apple.product-type.application";
		};
		F3E41C1924F0A7BC00C30752 /* ExampleApp (macOS) */ = {
			isa = PBXNativeTarget;
			buildConfigurationList = F3E41C2924F0A7BD00C30752 /* Build configuration list for PBXNativeTarget "ExampleApp (macOS)" */;
			buildPhases = (
				F3E41C1624F0A7BC00C30752 /* Sources */,
				F3E41C1724F0A7BC00C30752 /* Frameworks */,
				F3E41C1824F0A7BC00C30752 /* Resources */,
			);
			buildRules = (
			);
			dependencies = (
			);
			name = "ExampleApp (macOS)";
			packageProductDependencies = (
				F3E41CF524F0AA0000C30752 /* CypherPoetReduxUtils */,
			);
			productName = "ExampleApp (macOS)";
			productReference = F3E41C1A24F0A7BC00C30752 /* ExampleApp.app */;
			productType = "com.apple.product-type.application";
		};
/* End PBXNativeTarget section */

/* Begin PBXProject section */
		F3E41C0624F0A7BB00C30752 /* Project object */ = {
			isa = PBXProject;
			attributes = {
				LastSwiftUpdateCheck = 1200;
				LastUpgradeCheck = 1200;
				TargetAttributes = {
					F3E41C1124F0A7BC00C30752 = {
						CreatedOnToolsVersion = 12.0;
						LastSwiftMigration = 1200;
					};
					F3E41C1924F0A7BC00C30752 = {
						CreatedOnToolsVersion = 12.0;
						LastSwiftMigration = 1200;
					};
				};
			};
			buildConfigurationList = F3E41C0924F0A7BB00C30752 /* Build configuration list for PBXProject "ExampleApp" */;
			compatibilityVersion = "Xcode 9.3";
			developmentRegion = en;
			hasScannedForEncodings = 0;
			knownRegions = (
				en,
				Base,
			);
			mainGroup = F3E41C0524F0A7BB00C30752;
			productRefGroup = F3E41C1324F0A7BC00C30752 /* Products */;
			projectDirPath = "";
			projectRoot = "";
			targets = (
				F3E41C1124F0A7BC00C30752 /* ExampleApp (iOS) */,
				F3E41C1924F0A7BC00C30752 /* ExampleApp (macOS) */,
			);
		};
/* End PBXProject section */

/* Begin PBXResourcesBuildPhase section */
		F3E41C1024F0A7BC00C30752 /* Resources */ = {
			isa = PBXResourcesBuildPhase;
			buildActionMask = 2147483647;
			files = (
				F3E41C2224F0A7BD00C30752 /* Assets.xcassets in Resources */,
			);
			runOnlyForDeploymentPostprocessing = 0;
		};
		F3E41C1824F0A7BC00C30752 /* Resources */ = {
			isa = PBXResourcesBuildPhase;
			buildActionMask = 2147483647;
			files = (
				F3E41C2324F0A7BD00C30752 /* Assets.xcassets in Resources */,
			);
			runOnlyForDeploymentPostprocessing = 0;
		};
/* End PBXResourcesBuildPhase section */

/* Begin PBXSourcesBuildPhase section */
		F3E41C0E24F0A7BC00C30752 /* Sources */ = {
			isa = PBXSourcesBuildPhase;
			buildActionMask = 2147483647;
			files = (
				F3E41CE024F0A9C900C30752 /* SynchronousActionExample.swift in Sources */,
				F3E41CEE24F0A9C900C30752 /* GalaxyService.swift in Sources */,
				F3E41CCC24F0A9C900C30752 /* Galaxy.swift in Sources */,
				F3E41CD224F0A9C900C30752 /* GalaxiesState+Middleware.swift in Sources */,
				F3E41CE624F0A9C900C30752 /* AppStore.swift in Sources */,
				F3E41CCE24F0A9C900C30752 /* AppState.swift in Sources */,
				F3E41CE424F0A9C900C30752 /* AsyncSideEffectExample.swift in Sources */,
				F3E41CEC24F0A9C900C30752 /* GalaxyServiceError.swift in Sources */,
				F3454237258EEDC6001A203A /* Reducer.swift in Sources */,
				F3E41CEA24F0A9C900C30752 /* PreviewData.swift in Sources */,
				F3E41CE824F0A9C900C30752 /* ExamplesApp.swift in Sources */,
				F3E41CD624F0A9C900C30752 /* LoggingMiddleware.swift in Sources */,
				F3E41CD824F0A9C900C30752 /* RootView.swift in Sources */,
				F3E41CD424F0A9C900C30752 /* GalaxiesState+MiddlewareError.swift in Sources */,
				F3E41CD024F0A9C900C30752 /* GalaxiesState.swift in Sources */,
			);
			runOnlyForDeploymentPostprocessing = 0;
		};
		F3E41C1624F0A7BC00C30752 /* Sources */ = {
			isa = PBXSourcesBuildPhase;
			buildActionMask = 2147483647;
			files = (
				F3E41CE124F0A9C900C30752 /* SynchronousActionExample.swift in Sources */,
				F3E41CEF24F0A9C900C30752 /* GalaxyService.swift in Sources */,
				F3E41CCD24F0A9C900C30752 /* Galaxy.swift in Sources */,
				F3E41CD324F0A9C900C30752 /* GalaxiesState+Middleware.swift in Sources */,
				F3E41CE724F0A9C900C30752 /* AppStore.swift in Sources */,
				F3E41CCF24F0A9C900C30752 /* AppState.swift in Sources */,
				F3E41CE524F0A9C900C30752 /* AsyncSideEffectExample.swift in Sources */,
				F3E41CED24F0A9C900C30752 /* GalaxyServiceError.swift in Sources */,
				F3454238258EEDC6001A203A /* Reducer.swift in Sources */,
				F3E41CEB24F0A9C900C30752 /* PreviewData.swift in Sources */,
				F3E41CE924F0A9C900C30752 /* ExamplesApp.swift in Sources */,
				F3E41CD724F0A9C900C30752 /* LoggingMiddleware.swift in Sources */,
				F3E41CD924F0A9C900C30752 /* RootView.swift in Sources */,
				F3E41CD524F0A9C900C30752 /* GalaxiesState+MiddlewareError.swift in Sources */,
				F3E41CD124F0A9C900C30752 /* GalaxiesState.swift in Sources */,
			);
			runOnlyForDeploymentPostprocessing = 0;
		};
/* End PBXSourcesBuildPhase section */

/* Begin XCBuildConfiguration section */
		F3E41C2424F0A7BD00C30752 /* Debug */ = {
			isa = XCBuildConfiguration;
			buildSettings = {
				ALWAYS_SEARCH_USER_PATHS = NO;
				CLANG_ANALYZER_NONNULL = YES;
				CLANG_ANALYZER_NUMBER_OBJECT_CONVERSION = YES_AGGRESSIVE;
				CLANG_CXX_LANGUAGE_STANDARD = "gnu++14";
				CLANG_CXX_LIBRARY = "libc++";
				CLANG_ENABLE_MODULES = YES;
				CLANG_ENABLE_OBJC_ARC = YES;
				CLANG_ENABLE_OBJC_WEAK = YES;
				CLANG_WARN_BLOCK_CAPTURE_AUTORELEASING = YES;
				CLANG_WARN_BOOL_CONVERSION = YES;
				CLANG_WARN_COMMA = YES;
				CLANG_WARN_CONSTANT_CONVERSION = YES;
				CLANG_WARN_DEPRECATED_OBJC_IMPLEMENTATIONS = YES;
				CLANG_WARN_DIRECT_OBJC_ISA_USAGE = YES_ERROR;
				CLANG_WARN_DOCUMENTATION_COMMENTS = YES;
				CLANG_WARN_EMPTY_BODY = YES;
				CLANG_WARN_ENUM_CONVERSION = YES;
				CLANG_WARN_INFINITE_RECURSION = YES;
				CLANG_WARN_INT_CONVERSION = YES;
				CLANG_WARN_NON_LITERAL_NULL_CONVERSION = YES;
				CLANG_WARN_OBJC_IMPLICIT_RETAIN_SELF = YES;
				CLANG_WARN_OBJC_LITERAL_CONVERSION = YES;
				CLANG_WARN_OBJC_ROOT_CLASS = YES_ERROR;
				CLANG_WARN_QUOTED_INCLUDE_IN_FRAMEWORK_HEADER = YES;
				CLANG_WARN_RANGE_LOOP_ANALYSIS = YES;
				CLANG_WARN_STRICT_PROTOTYPES = YES;
				CLANG_WARN_SUSPICIOUS_MOVE = YES;
				CLANG_WARN_UNGUARDED_AVAILABILITY = YES_AGGRESSIVE;
				CLANG_WARN_UNREACHABLE_CODE = YES;
				CLANG_WARN__DUPLICATE_METHOD_MATCH = YES;
				COPY_PHASE_STRIP = NO;
				DEBUG_INFORMATION_FORMAT = dwarf;
				ENABLE_STRICT_OBJC_MSGSEND = YES;
				ENABLE_TESTABILITY = YES;
				GCC_C_LANGUAGE_STANDARD = gnu11;
				GCC_DYNAMIC_NO_PIC = NO;
				GCC_NO_COMMON_BLOCKS = YES;
				GCC_OPTIMIZATION_LEVEL = 0;
				GCC_PREPROCESSOR_DEFINITIONS = (
					"DEBUG=1",
					"$(inherited)",
				);
				GCC_WARN_64_TO_32_BIT_CONVERSION = YES;
				GCC_WARN_ABOUT_RETURN_TYPE = YES_ERROR;
				GCC_WARN_UNDECLARED_SELECTOR = YES;
				GCC_WARN_UNINITIALIZED_AUTOS = YES_AGGRESSIVE;
				GCC_WARN_UNUSED_FUNCTION = YES;
				GCC_WARN_UNUSED_VARIABLE = YES;
				MTL_ENABLE_DEBUG_INFO = INCLUDE_SOURCE;
				MTL_FAST_MATH = YES;
				ONLY_ACTIVE_ARCH = YES;
				SWIFT_ACTIVE_COMPILATION_CONDITIONS = DEBUG;
				SWIFT_OPTIMIZATION_LEVEL = "-Onone";
			};
			name = Debug;
		};
		F3E41C2524F0A7BD00C30752 /* Release */ = {
			isa = XCBuildConfiguration;
			buildSettings = {
				ALWAYS_SEARCH_USER_PATHS = NO;
				CLANG_ANALYZER_NONNULL = YES;
				CLANG_ANALYZER_NUMBER_OBJECT_CONVERSION = YES_AGGRESSIVE;
				CLANG_CXX_LANGUAGE_STANDARD = "gnu++14";
				CLANG_CXX_LIBRARY = "libc++";
				CLANG_ENABLE_MODULES = YES;
				CLANG_ENABLE_OBJC_ARC = YES;
				CLANG_ENABLE_OBJC_WEAK = YES;
				CLANG_WARN_BLOCK_CAPTURE_AUTORELEASING = YES;
				CLANG_WARN_BOOL_CONVERSION = YES;
				CLANG_WARN_COMMA = YES;
				CLANG_WARN_CONSTANT_CONVERSION = YES;
				CLANG_WARN_DEPRECATED_OBJC_IMPLEMENTATIONS = YES;
				CLANG_WARN_DIRECT_OBJC_ISA_USAGE = YES_ERROR;
				CLANG_WARN_DOCUMENTATION_COMMENTS = YES;
				CLANG_WARN_EMPTY_BODY = YES;
				CLANG_WARN_ENUM_CONVERSION = YES;
				CLANG_WARN_INFINITE_RECURSION = YES;
				CLANG_WARN_INT_CONVERSION = YES;
				CLANG_WARN_NON_LITERAL_NULL_CONVERSION = YES;
				CLANG_WARN_OBJC_IMPLICIT_RETAIN_SELF = YES;
				CLANG_WARN_OBJC_LITERAL_CONVERSION = YES;
				CLANG_WARN_OBJC_ROOT_CLASS = YES_ERROR;
				CLANG_WARN_QUOTED_INCLUDE_IN_FRAMEWORK_HEADER = YES;
				CLANG_WARN_RANGE_LOOP_ANALYSIS = YES;
				CLANG_WARN_STRICT_PROTOTYPES = YES;
				CLANG_WARN_SUSPICIOUS_MOVE = YES;
				CLANG_WARN_UNGUARDED_AVAILABILITY = YES_AGGRESSIVE;
				CLANG_WARN_UNREACHABLE_CODE = YES;
				CLANG_WARN__DUPLICATE_METHOD_MATCH = YES;
				COPY_PHASE_STRIP = NO;
				DEBUG_INFORMATION_FORMAT = "dwarf-with-dsym";
				ENABLE_NS_ASSERTIONS = NO;
				ENABLE_STRICT_OBJC_MSGSEND = YES;
				GCC_C_LANGUAGE_STANDARD = gnu11;
				GCC_NO_COMMON_BLOCKS = YES;
				GCC_WARN_64_TO_32_BIT_CONVERSION = YES;
				GCC_WARN_ABOUT_RETURN_TYPE = YES_ERROR;
				GCC_WARN_UNDECLARED_SELECTOR = YES;
				GCC_WARN_UNINITIALIZED_AUTOS = YES_AGGRESSIVE;
				GCC_WARN_UNUSED_FUNCTION = YES;
				GCC_WARN_UNUSED_VARIABLE = YES;
				MTL_ENABLE_DEBUG_INFO = NO;
				MTL_FAST_MATH = YES;
				SWIFT_COMPILATION_MODE = wholemodule;
				SWIFT_OPTIMIZATION_LEVEL = "-O";
			};
			name = Release;
		};
		F3E41C2724F0A7BD00C30752 /* Debug */ = {
			isa = XCBuildConfiguration;
			buildSettings = {
				ASSETCATALOG_COMPILER_APPICON_NAME = AppIcon;
				ASSETCATALOG_COMPILER_GLOBAL_ACCENT_COLOR_NAME = AccentColor;
				CLANG_ENABLE_MODULES = YES;
				CODE_SIGN_STYLE = Automatic;
				DEVELOPMENT_TEAM = QRXXH2RKAG;
				ENABLE_PREVIEWS = YES;
				INFOPLIST_FILE = iOS/Info.plist;
				IPHONEOS_DEPLOYMENT_TARGET = 14.0;
				LD_RUNPATH_SEARCH_PATHS = (
					"$(inherited)",
					"@executable_path/Frameworks",
				);
				PRODUCT_BUNDLE_IDENTIFIER = io.github.cypherpoet.ExampleApp;
				PRODUCT_NAME = ExampleApp;
				SDKROOT = iphoneos;
				SWIFT_OBJC_BRIDGING_HEADER = "";
				SWIFT_OPTIMIZATION_LEVEL = "-Onone";
				SWIFT_VERSION = 5.0;
				TARGETED_DEVICE_FAMILY = "1,2";
			};
			name = Debug;
		};
		F3E41C2824F0A7BD00C30752 /* Release */ = {
			isa = XCBuildConfiguration;
			buildSettings = {
				ASSETCATALOG_COMPILER_APPICON_NAME = AppIcon;
				ASSETCATALOG_COMPILER_GLOBAL_ACCENT_COLOR_NAME = AccentColor;
				CLANG_ENABLE_MODULES = YES;
				CODE_SIGN_STYLE = Automatic;
				DEVELOPMENT_TEAM = QRXXH2RKAG;
				ENABLE_PREVIEWS = YES;
				INFOPLIST_FILE = iOS/Info.plist;
				IPHONEOS_DEPLOYMENT_TARGET = 14.0;
				LD_RUNPATH_SEARCH_PATHS = (
					"$(inherited)",
					"@executable_path/Frameworks",
				);
				PRODUCT_BUNDLE_IDENTIFIER = io.github.cypherpoet.ExampleApp;
				PRODUCT_NAME = ExampleApp;
				SDKROOT = iphoneos;
				SWIFT_OBJC_BRIDGING_HEADER = "";
				SWIFT_VERSION = 5.0;
				TARGETED_DEVICE_FAMILY = "1,2";
				VALIDATE_PRODUCT = YES;
			};
			name = Release;
		};
		F3E41C2A24F0A7BD00C30752 /* Debug */ = {
			isa = XCBuildConfiguration;
			buildSettings = {
				ASSETCATALOG_COMPILER_APPICON_NAME = AppIcon;
				ASSETCATALOG_COMPILER_GLOBAL_ACCENT_COLOR_NAME = AccentColor;
				CLANG_ENABLE_MODULES = YES;
				CODE_SIGN_ENTITLEMENTS = macOS/macOS.entitlements;
				CODE_SIGN_STYLE = Automatic;
				COMBINE_HIDPI_IMAGES = YES;
				DEVELOPMENT_TEAM = QRXXH2RKAG;
				ENABLE_HARDENED_RUNTIME = YES;
				ENABLE_PREVIEWS = YES;
				INFOPLIST_FILE = macOS/Info.plist;
				LD_RUNPATH_SEARCH_PATHS = (
					"$(inherited)",
					"@executable_path/../Frameworks",
				);
				MACOSX_DEPLOYMENT_TARGET = 11.0;
				PRODUCT_BUNDLE_IDENTIFIER = io.github.cypherpoet.ExampleApp;
				PRODUCT_NAME = ExampleApp;
				SDKROOT = macosx;
				SWIFT_OPTIMIZATION_LEVEL = "-Onone";
				SWIFT_VERSION = 5.0;
			};
			name = Debug;
		};
		F3E41C2B24F0A7BD00C30752 /* Release */ = {
			isa = XCBuildConfiguration;
			buildSettings = {
				ASSETCATALOG_COMPILER_APPICON_NAME = AppIcon;
				ASSETCATALOG_COMPILER_GLOBAL_ACCENT_COLOR_NAME = AccentColor;
				CLANG_ENABLE_MODULES = YES;
				CODE_SIGN_ENTITLEMENTS = macOS/macOS.entitlements;
				CODE_SIGN_STYLE = Automatic;
				COMBINE_HIDPI_IMAGES = YES;
				DEVELOPMENT_TEAM = QRXXH2RKAG;
				ENABLE_HARDENED_RUNTIME = YES;
				ENABLE_PREVIEWS = YES;
				INFOPLIST_FILE = macOS/Info.plist;
				LD_RUNPATH_SEARCH_PATHS = (
					"$(inherited)",
					"@executable_path/../Frameworks",
				);
				MACOSX_DEPLOYMENT_TARGET = 11.0;
				PRODUCT_BUNDLE_IDENTIFIER = io.github.cypherpoet.ExampleApp;
				PRODUCT_NAME = ExampleApp;
				SDKROOT = macosx;
				SWIFT_VERSION = 5.0;
			};
			name = Release;
		};
/* End XCBuildConfiguration section */

/* Begin XCConfigurationList section */
		F3E41C0924F0A7BB00C30752 /* Build configuration list for PBXProject "ExampleApp" */ = {
			isa = XCConfigurationList;
			buildConfigurations = (
				F3E41C2424F0A7BD00C30752 /* Debug */,
				F3E41C2524F0A7BD00C30752 /* Release */,
			);
			defaultConfigurationIsVisible = 0;
			defaultConfigurationName = Release;
		};
		F3E41C2624F0A7BD00C30752 /* Build configuration list for PBXNativeTarget "ExampleApp (iOS)" */ = {
			isa = XCConfigurationList;
			buildConfigurations = (
				F3E41C2724F0A7BD00C30752 /* Debug */,
				F3E41C2824F0A7BD00C30752 /* Release */,
			);
			defaultConfigurationIsVisible = 0;
			defaultConfigurationName = Release;
		};
		F3E41C2924F0A7BD00C30752 /* Build configuration list for PBXNativeTarget "ExampleApp (macOS)" */ = {
			isa = XCConfigurationList;
			buildConfigurations = (
				F3E41C2A24F0A7BD00C30752 /* Debug */,
				F3E41C2B24F0A7BD00C30752 /* Release */,
			);
			defaultConfigurationIsVisible = 0;
			defaultConfigurationName = Release;
		};
/* End XCConfigurationList section */

/* Begin XCSwiftPackageProductDependency section */
		F3E41CF324F0A9FA00C30752 /* CypherPoetReduxUtils */ = {
			isa = XCSwiftPackageProductDependency;
			productName = CypherPoetReduxUtils;
		};
		F3E41CF524F0AA0000C30752 /* CypherPoetReduxUtils */ = {
			isa = XCSwiftPackageProductDependency;
			productName = CypherPoetReduxUtils;
		};
/* End XCSwiftPackageProductDependency section */
	};
	rootObject = F3E41C0624F0A7BB00C30752 /* Project object */;
}
